
Microsoft Visual Studio Solution File, Format Version 12.00
# Visual Studio Version 16
VisualStudioVersion = 16.0.30011.22
MinimumVisualStudioVersion = 10.0.40219.1
Project("{9A19103F-16F7-4668-BE54-9A1E7A4F7556}") = "Castlepoint.POCO", "Castlepoint.POCO\Castlepoint.POCO.csproj", "{6C661B42-9BAD-4802-A946-0C6EF0AC19A6}"
EndProject
Project("{9A19103F-16F7-4668-BE54-9A1E7A4F7556}") = "Castlepoint.Utilities", "Castlepoint.Utils\Castlepoint.Utilities.csproj", "{04385D39-7141-4D2B-BC1D-62F23C43DE22}"
EndProject
Project("{9A19103F-16F7-4668-BE54-9A1E7A4F7556}") = "Castlepoint.API", "Castlepoint.API\Castlepoint.API.csproj", "{FB51CDC9-7285-4226-8FDF-699BED8C5D8A}"
EndProject
Project("{9A19103F-16F7-4668-BE54-9A1E7A4F7556}") = "Castlepoint.DataFactory", "Castlepoint.DataFactory\Castlepoint.DataFactory.csproj", "{F46C2375-1EC5-4EC9-BE78-C0549CDC8F44}"
EndProject
Project("{9A19103F-16F7-4668-BE54-9A1E7A4F7556}") = "Castlepoint.Idserver", "Castlepoint.IdServer\Castlepoint.Idserver.csproj", "{FED247B0-1B13-461A-A6CA-4ED8ADE7ADF9}"
EndProject
Project("{9A19103F-16F7-4668-BE54-9A1E7A4F7556}") = "Castlepoint.Text", "Castlepoint.Text\Castlepoint.Text.csproj", "{680CFD72-618A-44A9-AFDD-EC19266BA092}"
EndProject
Global
	GlobalSection(SolutionConfigurationPlatforms) = preSolution
		Batch Service|Any CPU = Batch Service|Any CPU
		Castlepoint services|Any CPU = Castlepoint services|Any CPU
		Castlepoint.Configure|Any CPU = Castlepoint.Configure|Any CPU
		DEBUG Batch Service|Any CPU = DEBUG Batch Service|Any CPU
		Debug|Any CPU = Debug|Any CPU
		Encode Record Authority|Any CPU = Encode Record Authority|Any CPU
		ID Server|Any CPU = ID Server|Any CPU
		Importer|Any CPU = Importer|Any CPU
		Release|Any CPU = Release|Any CPU
		TableUpdater|Any CPU = TableUpdater|Any CPU
		TextExtract|Any CPU = TextExtract|Any CPU
	EndGlobalSection
	GlobalSection(ProjectConfigurationPlatforms) = postSolution
		{6C661B42-9BAD-4802-A946-0C6EF0AC19A6}.Batch Service|Any CPU.ActiveCfg = Batch Service|Any CPU
		{6C661B42-9BAD-4802-A946-0C6EF0AC19A6}.Batch Service|Any CPU.Build.0 = Batch Service|Any CPU
		{6C661B42-9BAD-4802-A946-0C6EF0AC19A6}.Castlepoint services|Any CPU.ActiveCfg = Castlepoint services|Any CPU
		{6C661B42-9BAD-4802-A946-0C6EF0AC19A6}.Castlepoint services|Any CPU.Build.0 = Castlepoint services|Any CPU
		{6C661B42-9BAD-4802-A946-0C6EF0AC19A6}.Castlepoint.Configure|Any CPU.ActiveCfg = Castlepoint.Configure|Any CPU
		{6C661B42-9BAD-4802-A946-0C6EF0AC19A6}.Castlepoint.Configure|Any CPU.Build.0 = Castlepoint.Configure|Any CPU
		{6C661B42-9BAD-4802-A946-0C6EF0AC19A6}.DEBUG Batch Service|Any CPU.ActiveCfg = DEBUG Batch Service|Any CPU
		{6C661B42-9BAD-4802-A946-0C6EF0AC19A6}.DEBUG Batch Service|Any CPU.Build.0 = DEBUG Batch Service|Any CPU
		{6C661B42-9BAD-4802-A946-0C6EF0AC19A6}.Debug|Any CPU.ActiveCfg = Debug|Any CPU
		{6C661B42-9BAD-4802-A946-0C6EF0AC19A6}.Debug|Any CPU.Build.0 = Debug|Any CPU
		{6C661B42-9BAD-4802-A946-0C6EF0AC19A6}.Encode Record Authority|Any CPU.ActiveCfg = Encode Record Authority|Any CPU
		{6C661B42-9BAD-4802-A946-0C6EF0AC19A6}.Encode Record Authority|Any CPU.Build.0 = Encode Record Authority|Any CPU
		{6C661B42-9BAD-4802-A946-0C6EF0AC19A6}.ID Server|Any CPU.ActiveCfg = ID Server|Any CPU
		{6C661B42-9BAD-4802-A946-0C6EF0AC19A6}.ID Server|Any CPU.Build.0 = ID Server|Any CPU
		{6C661B42-9BAD-4802-A946-0C6EF0AC19A6}.Importer|Any CPU.ActiveCfg = Importer|Any CPU
		{6C661B42-9BAD-4802-A946-0C6EF0AC19A6}.Importer|Any CPU.Build.0 = Importer|Any CPU
		{6C661B42-9BAD-4802-A946-0C6EF0AC19A6}.Release|Any CPU.ActiveCfg = Release|Any CPU
		{6C661B42-9BAD-4802-A946-0C6EF0AC19A6}.Release|Any CPU.Build.0 = Release|Any CPU
		{6C661B42-9BAD-4802-A946-0C6EF0AC19A6}.TableUpdater|Any CPU.ActiveCfg = TableUpdater|Any CPU
		{6C661B42-9BAD-4802-A946-0C6EF0AC19A6}.TableUpdater|Any CPU.Build.0 = TableUpdater|Any CPU
		{6C661B42-9BAD-4802-A946-0C6EF0AC19A6}.TextExtract|Any CPU.ActiveCfg = TextExtract|Any CPU
		{6C661B42-9BAD-4802-A946-0C6EF0AC19A6}.TextExtract|Any CPU.Build.0 = TextExtract|Any CPU
		{04385D39-7141-4D2B-BC1D-62F23C43DE22}.Batch Service|Any CPU.ActiveCfg = Encode Record Authority|Any CPU
		{04385D39-7141-4D2B-BC1D-62F23C43DE22}.Batch Service|Any CPU.Build.0 = Encode Record Authority|Any CPU
		{04385D39-7141-4D2B-BC1D-62F23C43DE22}.Castlepoint services|Any CPU.ActiveCfg = Castlepoint.Configure|Any CPU
		{04385D39-7141-4D2B-BC1D-62F23C43DE22}.Castlepoint services|Any CPU.Build.0 = Castlepoint.Configure|Any CPU
		{04385D39-7141-4D2B-BC1D-62F23C43DE22}.Castlepoint.Configure|Any CPU.ActiveCfg = Castlepoint.Configure|Any CPU
		{04385D39-7141-4D2B-BC1D-62F23C43DE22}.Castlepoint.Configure|Any CPU.Build.0 = Castlepoint.Configure|Any CPU
		{04385D39-7141-4D2B-BC1D-62F23C43DE22}.DEBUG Batch Service|Any CPU.ActiveCfg = Debug|Any CPU
		{04385D39-7141-4D2B-BC1D-62F23C43DE22}.DEBUG Batch Service|Any CPU.Build.0 = Debug|Any CPU
		{04385D39-7141-4D2B-BC1D-62F23C43DE22}.Debug|Any CPU.ActiveCfg = Debug|Any CPU
		{04385D39-7141-4D2B-BC1D-62F23C43DE22}.Debug|Any CPU.Build.0 = Debug|Any CPU
		{04385D39-7141-4D2B-BC1D-62F23C43DE22}.Encode Record Authority|Any CPU.ActiveCfg = Encode Record Authority|Any CPU
		{04385D39-7141-4D2B-BC1D-62F23C43DE22}.Encode Record Authority|Any CPU.Build.0 = Encode Record Authority|Any CPU
		{04385D39-7141-4D2B-BC1D-62F23C43DE22}.ID Server|Any CPU.ActiveCfg = Encode Record Authority|Any CPU
		{04385D39-7141-4D2B-BC1D-62F23C43DE22}.ID Server|Any CPU.Build.0 = Encode Record Authority|Any CPU
		{04385D39-7141-4D2B-BC1D-62F23C43DE22}.Importer|Any CPU.ActiveCfg = Encode Record Authority|Any CPU
		{04385D39-7141-4D2B-BC1D-62F23C43DE22}.Importer|Any CPU.Build.0 = Encode Record Authority|Any CPU
		{04385D39-7141-4D2B-BC1D-62F23C43DE22}.Release|Any CPU.ActiveCfg = Release|Any CPU
		{04385D39-7141-4D2B-BC1D-62F23C43DE22}.Release|Any CPU.Build.0 = Release|Any CPU
		{04385D39-7141-4D2B-BC1D-62F23C43DE22}.TableUpdater|Any CPU.ActiveCfg = Encode Record Authority|Any CPU
		{04385D39-7141-4D2B-BC1D-62F23C43DE22}.TableUpdater|Any CPU.Build.0 = Encode Record Authority|Any CPU
		{04385D39-7141-4D2B-BC1D-62F23C43DE22}.TextExtract|Any CPU.ActiveCfg = Encode Record Authority|Any CPU
		{04385D39-7141-4D2B-BC1D-62F23C43DE22}.TextExtract|Any CPU.Build.0 = Encode Record Authority|Any CPU
		{FB51CDC9-7285-4226-8FDF-699BED8C5D8A}.Batch Service|Any CPU.ActiveCfg = Batch Service|Any CPU
		{FB51CDC9-7285-4226-8FDF-699BED8C5D8A}.Batch Service|Any CPU.Build.0 = Batch Service|Any CPU
		{FB51CDC9-7285-4226-8FDF-699BED8C5D8A}.Castlepoint services|Any CPU.ActiveCfg = Castlepoint services|Any CPU
		{FB51CDC9-7285-4226-8FDF-699BED8C5D8A}.Castlepoint services|Any CPU.Build.0 = Castlepoint services|Any CPU
		{FB51CDC9-7285-4226-8FDF-699BED8C5D8A}.Castlepoint.Configure|Any CPU.ActiveCfg = Castlepoint.Configure|Any CPU
		{FB51CDC9-7285-4226-8FDF-699BED8C5D8A}.Castlepoint.Configure|Any CPU.Build.0 = Castlepoint.Configure|Any CPU
		{FB51CDC9-7285-4226-8FDF-699BED8C5D8A}.DEBUG Batch Service|Any CPU.ActiveCfg = DEBUG Batch Service|Any CPU
		{FB51CDC9-7285-4226-8FDF-699BED8C5D8A}.DEBUG Batch Service|Any CPU.Build.0 = DEBUG Batch Service|Any CPU
		{FB51CDC9-7285-4226-8FDF-699BED8C5D8A}.Debug|Any CPU.ActiveCfg = Debug|Any CPU
		{FB51CDC9-7285-4226-8FDF-699BED8C5D8A}.Debug|Any CPU.Build.0 = Debug|Any CPU
		{FB51CDC9-7285-4226-8FDF-699BED8C5D8A}.Encode Record Authority|Any CPU.ActiveCfg = Encode Record Authority|Any CPU
		{FB51CDC9-7285-4226-8FDF-699BED8C5D8A}.Encode Record Authority|Any CPU.Build.0 = Encode Record Authority|Any CPU
		{FB51CDC9-7285-4226-8FDF-699BED8C5D8A}.ID Server|Any CPU.ActiveCfg = ID Server|Any CPU
		{FB51CDC9-7285-4226-8FDF-699BED8C5D8A}.ID Server|Any CPU.Build.0 = ID Server|Any CPU
		{FB51CDC9-7285-4226-8FDF-699BED8C5D8A}.Importer|Any CPU.ActiveCfg = Importer|Any CPU
		{FB51CDC9-7285-4226-8FDF-699BED8C5D8A}.Importer|Any CPU.Build.0 = Importer|Any CPU
		{FB51CDC9-7285-4226-8FDF-699BED8C5D8A}.Release|Any CPU.ActiveCfg = Release|Any CPU
		{FB51CDC9-7285-4226-8FDF-699BED8C5D8A}.Release|Any CPU.Build.0 = Release|Any CPU
		{FB51CDC9-7285-4226-8FDF-699BED8C5D8A}.TableUpdater|Any CPU.ActiveCfg = TableUpdater|Any CPU
		{FB51CDC9-7285-4226-8FDF-699BED8C5D8A}.TableUpdater|Any CPU.Build.0 = TableUpdater|Any CPU
		{FB51CDC9-7285-4226-8FDF-699BED8C5D8A}.TextExtract|Any CPU.ActiveCfg = TextExtract|Any CPU
		{FB51CDC9-7285-4226-8FDF-699BED8C5D8A}.TextExtract|Any CPU.Build.0 = TextExtract|Any CPU
		{F46C2375-1EC5-4EC9-BE78-C0549CDC8F44}.Batch Service|Any CPU.ActiveCfg = Batch Service|Any CPU
		{F46C2375-1EC5-4EC9-BE78-C0549CDC8F44}.Batch Service|Any CPU.Build.0 = Batch Service|Any CPU
		{F46C2375-1EC5-4EC9-BE78-C0549CDC8F44}.Castlepoint services|Any CPU.ActiveCfg = Castlepoint services|Any CPU
		{F46C2375-1EC5-4EC9-BE78-C0549CDC8F44}.Castlepoint services|Any CPU.Build.0 = Castlepoint services|Any CPU
		{F46C2375-1EC5-4EC9-BE78-C0549CDC8F44}.Castlepoint.Configure|Any CPU.ActiveCfg = Castlepoint.Configure|Any CPU
		{F46C2375-1EC5-4EC9-BE78-C0549CDC8F44}.Castlepoint.Configure|Any CPU.Build.0 = Castlepoint.Configure|Any CPU
		{F46C2375-1EC5-4EC9-BE78-C0549CDC8F44}.DEBUG Batch Service|Any CPU.ActiveCfg = DEBUG Batch Service|Any CPU
		{F46C2375-1EC5-4EC9-BE78-C0549CDC8F44}.DEBUG Batch Service|Any CPU.Build.0 = DEBUG Batch Service|Any CPU
		{F46C2375-1EC5-4EC9-BE78-C0549CDC8F44}.Debug|Any CPU.ActiveCfg = Debug|Any CPU
		{F46C2375-1EC5-4EC9-BE78-C0549CDC8F44}.Debug|Any CPU.Build.0 = Debug|Any CPU
		{F46C2375-1EC5-4EC9-BE78-C0549CDC8F44}.Encode Record Authority|Any CPU.ActiveCfg = Encode Record Authority|Any CPU
		{F46C2375-1EC5-4EC9-BE78-C0549CDC8F44}.Encode Record Authority|Any CPU.Build.0 = Encode Record Authority|Any CPU
		{F46C2375-1EC5-4EC9-BE78-C0549CDC8F44}.ID Server|Any CPU.ActiveCfg = ID Server|Any CPU
		{F46C2375-1EC5-4EC9-BE78-C0549CDC8F44}.ID Server|Any CPU.Build.0 = ID Server|Any CPU
		{F46C2375-1EC5-4EC9-BE78-C0549CDC8F44}.Importer|Any CPU.ActiveCfg = Importer|Any CPU
		{F46C2375-1EC5-4EC9-BE78-C0549CDC8F44}.Importer|Any CPU.Build.0 = Importer|Any CPU
		{F46C2375-1EC5-4EC9-BE78-C0549CDC8F44}.Release|Any CPU.ActiveCfg = Release|Any CPU
		{F46C2375-1EC5-4EC9-BE78-C0549CDC8F44}.Release|Any CPU.Build.0 = Release|Any CPU
		{F46C2375-1EC5-4EC9-BE78-C0549CDC8F44}.TableUpdater|Any CPU.ActiveCfg = TableUpdater|Any CPU
		{F46C2375-1EC5-4EC9-BE78-C0549CDC8F44}.TableUpdater|Any CPU.Build.0 = TableUpdater|Any CPU
		{F46C2375-1EC5-4EC9-BE78-C0549CDC8F44}.TextExtract|Any CPU.ActiveCfg = TextExtract|Any CPU
		{F46C2375-1EC5-4EC9-BE78-C0549CDC8F44}.TextExtract|Any CPU.Build.0 = TextExtract|Any CPU
		{FED247B0-1B13-461A-A6CA-4ED8ADE7ADF9}.Batch Service|Any CPU.ActiveCfg = Batch Service|Any CPU
		{FED247B0-1B13-461A-A6CA-4ED8ADE7ADF9}.Batch Service|Any CPU.Build.0 = Batch Service|Any CPU
		{FED247B0-1B13-461A-A6CA-4ED8ADE7ADF9}.Castlepoint services|Any CPU.ActiveCfg = Castlepoint services|Any CPU
		{FED247B0-1B13-461A-A6CA-4ED8ADE7ADF9}.Castlepoint services|Any CPU.Build.0 = Castlepoint services|Any CPU
		{FED247B0-1B13-461A-A6CA-4ED8ADE7ADF9}.Castlepoint.Configure|Any CPU.ActiveCfg = Castlepoint.Configure|Any CPU
		{FED247B0-1B13-461A-A6CA-4ED8ADE7ADF9}.Castlepoint.Configure|Any CPU.Build.0 = Castlepoint.Configure|Any CPU
		{FED247B0-1B13-461A-A6CA-4ED8ADE7ADF9}.DEBUG Batch Service|Any CPU.ActiveCfg = DEBUG Batch Service|Any CPU
		{FED247B0-1B13-461A-A6CA-4ED8ADE7ADF9}.DEBUG Batch Service|Any CPU.Build.0 = DEBUG Batch Service|Any CPU
		{FED247B0-1B13-461A-A6CA-4ED8ADE7ADF9}.Debug|Any CPU.ActiveCfg = Debug|Any CPU
		{FED247B0-1B13-461A-A6CA-4ED8ADE7ADF9}.Debug|Any CPU.Build.0 = Debug|Any CPU
		{FED247B0-1B13-461A-A6CA-4ED8ADE7ADF9}.Encode Record Authority|Any CPU.ActiveCfg = Encode Record Authority|Any CPU
		{FED247B0-1B13-461A-A6CA-4ED8ADE7ADF9}.Encode Record Authority|Any CPU.Build.0 = Encode Record Authority|Any CPU
		{FED247B0-1B13-461A-A6CA-4ED8ADE7ADF9}.ID Server|Any CPU.ActiveCfg = ID Server|Any CPU
		{FED247B0-1B13-461A-A6CA-4ED8ADE7ADF9}.ID Server|Any CPU.Build.0 = ID Server|Any CPU
		{FED247B0-1B13-461A-A6CA-4ED8ADE7ADF9}.Importer|Any CPU.ActiveCfg = Importer|Any CPU
		{FED247B0-1B13-461A-A6CA-4ED8ADE7ADF9}.Importer|Any CPU.Build.0 = Importer|Any CPU
		{FED247B0-1B13-461A-A6CA-4ED8ADE7ADF9}.Release|Any CPU.ActiveCfg = Release|Any CPU
		{FED247B0-1B13-461A-A6CA-4ED8ADE7ADF9}.Release|Any CPU.Build.0 = Release|Any CPU
		{FED247B0-1B13-461A-A6CA-4ED8ADE7ADF9}.TableUpdater|Any CPU.ActiveCfg = TableUpdater|Any CPU
		{FED247B0-1B13-461A-A6CA-4ED8ADE7ADF9}.TableUpdater|Any CPU.Build.0 = TableUpdater|Any CPU
		{FED247B0-1B13-461A-A6CA-4ED8ADE7ADF9}.TextExtract|Any CPU.ActiveCfg = TextExtract|Any CPU
		{FED247B0-1B13-461A-A6CA-4ED8ADE7ADF9}.TextExtract|Any CPU.Build.0 = TextExtract|Any CPU
		{680CFD72-618A-44A9-AFDD-EC19266BA092}.Batch Service|Any CPU.ActiveCfg = Encode Record Authority|Any CPU
		{680CFD72-618A-44A9-AFDD-EC19266BA092}.Batch Service|Any CPU.Build.0 = Encode Record Authority|Any CPU
		{680CFD72-618A-44A9-AFDD-EC19266BA092}.Castlepoint services|Any CPU.ActiveCfg = Castlepoint.Configure|Any CPU
		{680CFD72-618A-44A9-AFDD-EC19266BA092}.Castlepoint services|Any CPU.Build.0 = Castlepoint.Configure|Any CPU
		{680CFD72-618A-44A9-AFDD-EC19266BA092}.Castlepoint.Configure|Any CPU.ActiveCfg = Castlepoint.Configure|Any CPU
		{680CFD72-618A-44A9-AFDD-EC19266BA092}.Castlepoint.Configure|Any CPU.Build.0 = Castlepoint.Configure|Any CPU
		{680CFD72-618A-44A9-AFDD-EC19266BA092}.DEBUG Batch Service|Any CPU.ActiveCfg = Debug|Any CPU
		{680CFD72-618A-44A9-AFDD-EC19266BA092}.DEBUG Batch Service|Any CPU.Build.0 = Debug|Any CPU
		{680CFD72-618A-44A9-AFDD-EC19266BA092}.Debug|Any CPU.ActiveCfg = Debug|Any CPU
		{680CFD72-618A-44A9-AFDD-EC19266BA092}.Debug|Any CPU.Build.0 = Debug|Any CPU
		{680CFD72-618A-44A9-AFDD-EC19266BA092}.Encode Record Authority|Any CPU.ActiveCfg = Encode Record Authority|Any CPU
		{680CFD72-618A-44A9-AFDD-EC19266BA092}.Encode Record Authority|Any CPU.Build.0 = Encode Record Authority|Any CPU
		{680CFD72-618A-44A9-AFDD-EC19266BA092}.ID Server|Any CPU.ActiveCfg = Importer|Any CPU
		{680CFD72-618A-44A9-AFDD-EC19266BA092}.ID Server|Any CPU.Build.0 = Importer|Any CPU
		{680CFD72-618A-44A9-AFDD-EC19266BA092}.Importer|Any CPU.ActiveCfg = Importer|Any CPU
		{680CFD72-618A-44A9-AFDD-EC19266BA092}.Importer|Any CPU.Build.0 = Importer|Any CPU
		{680CFD72-618A-44A9-AFDD-EC19266BA092}.Release|Any CPU.ActiveCfg = Release|Any CPU
		{680CFD72-618A-44A9-AFDD-EC19266BA092}.Release|Any CPU.Build.0 = Release|Any CPU
		{680CFD72-618A-44A9-AFDD-EC19266BA092}.TableUpdater|Any CPU.ActiveCfg = TableUpdater|Any CPU
		{680CFD72-618A-44A9-AFDD-EC19266BA092}.TableUpdater|Any CPU.Build.0 = TableUpdater|Any CPU
		{680CFD72-618A-44A9-AFDD-EC19266BA092}.TextExtract|Any CPU.ActiveCfg = TextExtract|Any CPU
		{680CFD72-618A-44A9-AFDD-EC19266BA092}.TextExtract|Any CPU.Build.0 = TextExtract|Any CPU
	EndGlobalSection
	GlobalSection(SolutionProperties) = preSolution
		HideSolutionNode = FALSE
	EndGlobalSection
	GlobalSection(ExtensibilityGlobals) = postSolution
		SolutionGuid = {7D5B2714-D8C5-4B74-870C-0D9A01D6981E}
	EndGlobalSection
EndGlobal
